// !$*UTF8*$!
{
	archiveVersion = 1;
	classes = {
	};
	objectVersion = 50;
	objects = {

/* Begin PBXBuildFile section */
		1BF44B6A2349C20B005F68BE /* AppDelegate.swift in Sources */ = {isa = PBXBuildFile; fileRef = 1BF44B692349C20B005F68BE /* AppDelegate.swift */; };
		1BF44B6C2349C20B005F68BE /* SceneDelegate.swift in Sources */ = {isa = PBXBuildFile; fileRef = 1BF44B6B2349C20B005F68BE /* SceneDelegate.swift */; };
		1BF44B6E2349C20B005F68BE /* ViewController.swift in Sources */ = {isa = PBXBuildFile; fileRef = 1BF44B6D2349C20B005F68BE /* ViewController.swift */; };
		1BF44B712349C20B005F68BE /* Main.storyboard in Resources */ = {isa = PBXBuildFile; fileRef = 1BF44B6F2349C20B005F68BE /* Main.storyboard */; };
		1BF44B732349C20D005F68BE /* Assets.xcassets in Resources */ = {isa = PBXBuildFile; fileRef = 1BF44B722349C20D005F68BE /* Assets.xcassets */; };
		1BF44B762349C20D005F68BE /* LaunchScreen.storyboard in Resources */ = {isa = PBXBuildFile; fileRef = 1BF44B742349C20D005F68BE /* LaunchScreen.storyboard */; };
		1BF44B7E2349C318005F68BE /* LandingViewController.swift in Sources */ = {isa = PBXBuildFile; fileRef = 1BF44B7D2349C318005F68BE /* LandingViewController.swift */; };
		51675EF42349D6100070AC90 /* Authorization.storyboard in Resources */ = {isa = PBXBuildFile; fileRef = 51675EF32349D6100070AC90 /* Authorization.storyboard */; };
		51675EF62349D70E0070AC90 /* RegisterViewController.swift in Sources */ = {isa = PBXBuildFile; fileRef = 51675EF52349D70D0070AC90 /* RegisterViewController.swift */; };
		51675EF82349D7190070AC90 /* LoginViewController.swift in Sources */ = {isa = PBXBuildFile; fileRef = 51675EF72349D7190070AC90 /* LoginViewController.swift */; };
		517D7F352349EA29005E06E4 /* String+Extension.swift in Sources */ = {isa = PBXBuildFile; fileRef = 517D7F342349EA29005E06E4 /* String+Extension.swift */; };
		517D7F382349ED33005E06E4 /* InputTableViewCell.swift in Sources */ = {isa = PBXBuildFile; fileRef = 517D7F362349ED33005E06E4 /* InputTableViewCell.swift */; };
		517D7F392349ED33005E06E4 /* InputTableViewCell.xib in Resources */ = {isa = PBXBuildFile; fileRef = 517D7F372349ED33005E06E4 /* InputTableViewCell.xib */; };
		519EA21C235370BB0082BE55 /* SimpleDatePickerViewController.swift in Sources */ = {isa = PBXBuildFile; fileRef = 519EA21B235370BB0082BE55 /* SimpleDatePickerViewController.swift */; };
		519EA21E23537B760082BE55 /* Gender.swift in Sources */ = {isa = PBXBuildFile; fileRef = 519EA21D23537B760082BE55 /* Gender.swift */; };
		51E187E2234A2E76000970D6 /* TableView+Extenttion.swift in Sources */ = {isa = PBXBuildFile; fileRef = 51E187E1234A2E76000970D6 /* TableView+Extenttion.swift */; };
		51E81F0A2349CF37004C438F /* AuthorizationManager.swift in Sources */ = {isa = PBXBuildFile; fileRef = 51E81F092349CF37004C438F /* AuthorizationManager.swift */; };
/* End PBXBuildFile section */

/* Begin PBXFileReference section */
		1BF44B662349C20B005F68BE /* Webboard.app */ = {isa = PBXFileReference; explicitFileType = wrapper.application; includeInIndex = 0; path = Webboard.app; sourceTree = BUILT_PRODUCTS_DIR; };
		1BF44B692349C20B005F68BE /* AppDelegate.swift */ = {isa = PBXFileReference; lastKnownFileType = sourcecode.swift; path = AppDelegate.swift; sourceTree = "<group>"; };
		1BF44B6B2349C20B005F68BE /* SceneDelegate.swift */ = {isa = PBXFileReference; lastKnownFileType = sourcecode.swift; path = SceneDelegate.swift; sourceTree = "<group>"; };
		1BF44B6D2349C20B005F68BE /* ViewController.swift */ = {isa = PBXFileReference; lastKnownFileType = sourcecode.swift; path = ViewController.swift; sourceTree = "<group>"; };
		1BF44B702349C20B005F68BE /* Base */ = {isa = PBXFileReference; lastKnownFileType = file.storyboard; name = Base; path = Base.lproj/Main.storyboard; sourceTree = "<group>"; };
		1BF44B722349C20D005F68BE /* Assets.xcassets */ = {isa = PBXFileReference; lastKnownFileType = folder.assetcatalog; path = Assets.xcassets; sourceTree = "<group>"; };
		1BF44B752349C20D005F68BE /* Base */ = {isa = PBXFileReference; lastKnownFileType = file.storyboard; name = Base; path = Base.lproj/LaunchScreen.storyboard; sourceTree = "<group>"; };
		1BF44B772349C20D005F68BE /* Info.plist */ = {isa = PBXFileReference; lastKnownFileType = text.plist.xml; path = Info.plist; sourceTree = "<group>"; };
		1BF44B7D2349C318005F68BE /* LandingViewController.swift */ = {isa = PBXFileReference; lastKnownFileType = sourcecode.swift; path = LandingViewController.swift; sourceTree = "<group>"; };
		51675EF32349D6100070AC90 /* Authorization.storyboard */ = {isa = PBXFileReference; lastKnownFileType = file.storyboard; path = Authorization.storyboard; sourceTree = "<group>"; };
		51675EF52349D70D0070AC90 /* RegisterViewController.swift */ = {isa = PBXFileReference; lastKnownFileType = sourcecode.swift; path = RegisterViewController.swift; sourceTree = "<group>"; };
		51675EF72349D7190070AC90 /* LoginViewController.swift */ = {isa = PBXFileReference; lastKnownFileType = sourcecode.swift; path = LoginViewController.swift; sourceTree = "<group>"; };
		517D7F342349EA29005E06E4 /* String+Extension.swift */ = {isa = PBXFileReference; lastKnownFileType = sourcecode.swift; path = "String+Extension.swift"; sourceTree = "<group>"; };
		517D7F362349ED33005E06E4 /* InputTableViewCell.swift */ = {isa = PBXFileReference; lastKnownFileType = sourcecode.swift; path = InputTableViewCell.swift; sourceTree = "<group>"; };
		517D7F372349ED33005E06E4 /* InputTableViewCell.xib */ = {isa = PBXFileReference; lastKnownFileType = file.xib; path = InputTableViewCell.xib; sourceTree = "<group>"; };
		519EA21B235370BB0082BE55 /* SimpleDatePickerViewController.swift */ = {isa = PBXFileReference; lastKnownFileType = sourcecode.swift; path = SimpleDatePickerViewController.swift; sourceTree = "<group>"; };
		519EA21D23537B760082BE55 /* Gender.swift */ = {isa = PBXFileReference; lastKnownFileType = sourcecode.swift; path = Gender.swift; sourceTree = "<group>"; };
		51E187E1234A2E76000970D6 /* TableView+Extenttion.swift */ = {isa = PBXFileReference; lastKnownFileType = sourcecode.swift; path = "TableView+Extenttion.swift"; sourceTree = "<group>"; };
		51E81F092349CF37004C438F /* AuthorizationManager.swift */ = {isa = PBXFileReference; lastKnownFileType = sourcecode.swift; path = AuthorizationManager.swift; sourceTree = "<group>"; };
/* End PBXFileReference section */

/* Begin PBXFrameworksBuildPhase section */
		1BF44B632349C20B005F68BE /* Frameworks */ = {
			isa = PBXFrameworksBuildPhase;
			buildActionMask = 2147483647;
			files = (
			);
			runOnlyForDeploymentPostprocessing = 0;
		};
/* End PBXFrameworksBuildPhase section */

/* Begin PBXGroup section */
		1BF44B5D2349C20B005F68BE = {
			isa = PBXGroup;
			children = (
				1BF44B682349C20B005F68BE /* Webboard */,
				1BF44B672349C20B005F68BE /* Products */,
			);
			sourceTree = "<group>";
		};
		1BF44B672349C20B005F68BE /* Products */ = {
			isa = PBXGroup;
			children = (
				1BF44B662349C20B005F68BE /* Webboard.app */,
			);
			name = Products;
			sourceTree = "<group>";
		};
		1BF44B682349C20B005F68BE /* Webboard */ = {
			isa = PBXGroup;
			children = (
				517D7F332349EA01005E06E4 /* Extension */,
				51E81F0B2349D419004C438F /* Storyboard */,
				51E81F082349CE89004C438F /* Manager */,
				1BF44B812349C32C005F68BE /* TableViewCell */,
				1BF44B802349C326005F68BE /* Models */,
				1BF44B7F2349C31E005F68BE /* Controllers */,
				1BF44B692349C20B005F68BE /* AppDelegate.swift */,
				1BF44B6B2349C20B005F68BE /* SceneDelegate.swift */,
				1BF44B6D2349C20B005F68BE /* ViewController.swift */,
				1BF44B722349C20D005F68BE /* Assets.xcassets */,
				1BF44B772349C20D005F68BE /* Info.plist */,
			);
			path = Webboard;
			sourceTree = "<group>";
		};
		1BF44B7F2349C31E005F68BE /* Controllers */ = {
			isa = PBXGroup;
			children = (
				1BF44B7D2349C318005F68BE /* LandingViewController.swift */,
				51675EF92349D73F0070AC90 /* Authorization */,
				519EA21B235370BB0082BE55 /* SimpleDatePickerViewController.swift */,
			);
			path = Controllers;
			sourceTree = "<group>";
		};
		1BF44B802349C326005F68BE /* Models */ = {
			isa = PBXGroup;
			children = (
				519EA21D23537B760082BE55 /* Gender.swift */,
			);
			path = Models;
			sourceTree = "<group>";
		};
		1BF44B812349C32C005F68BE /* TableViewCell */ = {
			isa = PBXGroup;
			children = (
				517D7F362349ED33005E06E4 /* InputTableViewCell.swift */,
				517D7F372349ED33005E06E4 /* InputTableViewCell.xib */,
			);
			path = TableViewCell;
			sourceTree = "<group>";
		};
		51675EF92349D73F0070AC90 /* Authorization */ = {
			isa = PBXGroup;
			children = (
				51675EF52349D70D0070AC90 /* RegisterViewController.swift */,
				51675EF72349D7190070AC90 /* LoginViewController.swift */,
			);
			path = Authorization;
			sourceTree = "<group>";
		};
		517D7F332349EA01005E06E4 /* Extension */ = {
			isa = PBXGroup;
			children = (
				517D7F342349EA29005E06E4 /* String+Extension.swift */,
				51E187E1234A2E76000970D6 /* TableView+Extenttion.swift */,
			);
			path = Extension;
			sourceTree = "<group>";
		};
		51E81F082349CE89004C438F /* Manager */ = {
			isa = PBXGroup;
			children = (
				51E81F092349CF37004C438F /* AuthorizationManager.swift */,
			);
			path = Manager;
			sourceTree = "<group>";
		};
		51E81F0B2349D419004C438F /* Storyboard */ = {
			isa = PBXGroup;
			children = (
				1BF44B6F2349C20B005F68BE /* Main.storyboard */,
				1BF44B742349C20D005F68BE /* LaunchScreen.storyboard */,
				51675EF32349D6100070AC90 /* Authorization.storyboard */,
			);
			path = Storyboard;
			sourceTree = "<group>";
		};
/* End PBXGroup section */

/* Begin PBXNativeTarget section */
		1BF44B652349C20B005F68BE /* Webboard */ = {
			isa = PBXNativeTarget;
			buildConfigurationList = 1BF44B7A2349C20D005F68BE /* Build configuration list for PBXNativeTarget "Webboard" */;
			buildPhases = (
				1BF44B622349C20B005F68BE /* Sources */,
				1BF44B632349C20B005F68BE /* Frameworks */,
				1BF44B642349C20B005F68BE /* Resources */,
			);
			buildRules = (
			);
			dependencies = (
			);
			name = Webboard;
			productName = Webboard;
			productReference = 1BF44B662349C20B005F68BE /* Webboard.app */;
			productType = "com.apple.product-type.application";
		};
/* End PBXNativeTarget section */

/* Begin PBXProject section */
		1BF44B5E2349C20B005F68BE /* Project object */ = {
			isa = PBXProject;
			attributes = {
				LastSwiftUpdateCheck = 1100;
				LastUpgradeCheck = 1100;
				ORGANIZATIONNAME = "Arthit Thongpan";
				TargetAttributes = {
					1BF44B652349C20B005F68BE = {
						CreatedOnToolsVersion = 11.0;
					};
				};
			};
			buildConfigurationList = 1BF44B612349C20B005F68BE /* Build configuration list for PBXProject "Webboard" */;
			compatibilityVersion = "Xcode 9.3";
			developmentRegion = en;
			hasScannedForEncodings = 0;
			knownRegions = (
				en,
				Base,
			);
			mainGroup = 1BF44B5D2349C20B005F68BE;
			productRefGroup = 1BF44B672349C20B005F68BE /* Products */;
			projectDirPath = "";
			projectRoot = "";
			targets = (
				1BF44B652349C20B005F68BE /* Webboard */,
			);
		};
/* End PBXProject section */

/* Begin PBXResourcesBuildPhase section */
		1BF44B642349C20B005F68BE /* Resources */ = {
			isa = PBXResourcesBuildPhase;
			buildActionMask = 2147483647;
			files = (
				517D7F392349ED33005E06E4 /* InputTableViewCell.xib in Resources */,
				51675EF42349D6100070AC90 /* Authorization.storyboard in Resources */,
				1BF44B762349C20D005F68BE /* LaunchScreen.storyboard in Resources */,
				1BF44B732349C20D005F68BE /* Assets.xcassets in Resources */,
				1BF44B712349C20B005F68BE /* Main.storyboard in Resources */,
			);
			runOnlyForDeploymentPostprocessing = 0;
		};
/* End PBXResourcesBuildPhase section */

/* Begin PBXSourcesBuildPhase section */
		1BF44B622349C20B005F68BE /* Sources */ = {
			isa = PBXSourcesBuildPhase;
			buildActionMask = 2147483647;
			files = (
				519EA21E23537B760082BE55 /* Gender.swift in Sources */,
				517D7F352349EA29005E06E4 /* String+Extension.swift in Sources */,
				519EA21C235370BB0082BE55 /* SimpleDatePickerViewController.swift in Sources */,
				51675EF82349D7190070AC90 /* LoginViewController.swift in Sources */,
				1BF44B6E2349C20B005F68BE /* ViewController.swift in Sources */,
				51E187E2234A2E76000970D6 /* TableView+Extenttion.swift in Sources */,
				1BF44B6A2349C20B005F68BE /* AppDelegate.swift in Sources */,
				51E81F0A2349CF37004C438F /* AuthorizationManager.swift in Sources */,
				51675EF62349D70E0070AC90 /* RegisterViewController.swift in Sources */,
				1BF44B7E2349C318005F68BE /* LandingViewController.swift in Sources */,
				517D7F382349ED33005E06E4 /* InputTableViewCell.swift in Sources */,
				1BF44B6C2349C20B005F68BE /* SceneDelegate.swift in Sources */,
			);
			runOnlyForDeploymentPostprocessing = 0;
		};
/* End PBXSourcesBuildPhase section */

/* Begin PBXVariantGroup section */
		1BF44B6F2349C20B005F68BE /* Main.storyboard */ = {
			isa = PBXVariantGroup;
			children = (
				1BF44B702349C20B005F68BE /* Base */,
			);
			name = Main.storyboard;
			sourceTree = "<group>";
		};
		1BF44B742349C20D005F68BE /* LaunchScreen.storyboard */ = {
			isa = PBXVariantGroup;
			children = (
				1BF44B752349C20D005F68BE /* Base */,
			);
			name = LaunchScreen.storyboard;
			sourceTree = "<group>";
		};
/* End PBXVariantGroup section */

/* Begin XCBuildConfiguration section */
		1BF44B782349C20D005F68BE /* Debug */ = {
			isa = XCBuildConfiguration;
			buildSettings = {
				ALWAYS_SEARCH_USER_PATHS = NO;
				CLANG_ANALYZER_NONNULL = YES;
				CLANG_ANALYZER_NUMBER_OBJECT_CONVERSION = YES_AGGRESSIVE;
				CLANG_CXX_LANGUAGE_STANDARD = "gnu++14";
				CLANG_CXX_LIBRARY = "libc++";
				CLANG_ENABLE_MODULES = YES;
				CLANG_ENABLE_OBJC_ARC = YES;
				CLANG_ENABLE_OBJC_WEAK = YES;
				CLANG_WARN_BLOCK_CAPTURE_AUTORELEASING = YES;
				CLANG_WARN_BOOL_CONVERSION = YES;
				CLANG_WARN_COMMA = YES;
				CLANG_WARN_CONSTANT_CONVERSION = YES;
				CLANG_WARN_DEPRECATED_OBJC_IMPLEMENTATIONS = YES;
				CLANG_WARN_DIRECT_OBJC_ISA_USAGE = YES_ERROR;
				CLANG_WARN_DOCUMENTATION_COMMENTS = YES;
				CLANG_WARN_EMPTY_BODY = YES;
				CLANG_WARN_ENUM_CONVERSION = YES;
				CLANG_WARN_INFINITE_RECURSION = YES;
				CLANG_WARN_INT_CONVERSION = YES;
				CLANG_WARN_NON_LITERAL_NULL_CONVERSION = YES;
				CLANG_WARN_OBJC_IMPLICIT_RETAIN_SELF = YES;
				CLANG_WARN_OBJC_LITERAL_CONVERSION = YES;
				CLANG_WARN_OBJC_ROOT_CLASS = YES_ERROR;
				CLANG_WARN_RANGE_LOOP_ANALYSIS = YES;
				CLANG_WARN_STRICT_PROTOTYPES = YES;
				CLANG_WARN_SUSPICIOUS_MOVE = YES;
				CLANG_WARN_UNGUARDED_AVAILABILITY = YES_AGGRESSIVE;
				CLANG_WARN_UNREACHABLE_CODE = YES;
				CLANG_WARN__DUPLICATE_METHOD_MATCH = YES;
				COPY_PHASE_STRIP = NO;
				DEBUG_INFORMATION_FORMAT = dwarf;
				ENABLE_STRICT_OBJC_MSGSEND = YES;
				ENABLE_TESTABILITY = YES;
				GCC_C_LANGUAGE_STANDARD = gnu11;
				GCC_DYNAMIC_NO_PIC = NO;
				GCC_NO_COMMON_BLOCKS = YES;
				GCC_OPTIMIZATION_LEVEL = 0;
				GCC_PREPROCESSOR_DEFINITIONS = (
					"DEBUG=1",
					"$(inherited)",
				);
				GCC_WARN_64_TO_32_BIT_CONVERSION = YES;
				GCC_WARN_ABOUT_RETURN_TYPE = YES_ERROR;
				GCC_WARN_UNDECLARED_SELECTOR = YES;
				GCC_WARN_UNINITIALIZED_AUTOS = YES_AGGRESSIVE;
				GCC_WARN_UNUSED_FUNCTION = YES;
				GCC_WARN_UNUSED_VARIABLE = YES;
				IPHONEOS_DEPLOYMENT_TARGET = 13.0;
				MTL_ENABLE_DEBUG_INFO = INCLUDE_SOURCE;
				MTL_FAST_MATH = YES;
				ONLY_ACTIVE_ARCH = YES;
				SDKROOT = iphoneos;
				SWIFT_ACTIVE_COMPILATION_CONDITIONS = DEBUG;
				SWIFT_OPTIMIZATION_LEVEL = "-Onone";
			};
			name = Debug;
		};
		1BF44B792349C20D005F68BE /* Release */ = {
			isa = XCBuildConfiguration;
			buildSettings = {
				ALWAYS_SEARCH_USER_PATHS = NO;
				CLANG_ANALYZER_NONNULL = YES;
				CLANG_ANALYZER_NUMBER_OBJECT_CONVERSION = YES_AGGRESSIVE;
				CLANG_CXX_LANGUAGE_STANDARD = "gnu++14";
				CLANG_CXX_LIBRARY = "libc++";
				CLANG_ENABLE_MODULES = YES;
				CLANG_ENABLE_OBJC_ARC = YES;
				CLANG_ENABLE_OBJC_WEAK = YES;
				CLANG_WARN_BLOCK_CAPTURE_AUTORELEASING = YES;
				CLANG_WARN_BOOL_CONVERSION = YES;
				CLANG_WARN_COMMA = YES;
				CLANG_WARN_CONSTANT_CONVERSION = YES;
				CLANG_WARN_DEPRECATED_OBJC_IMPLEMENTATIONS = YES;
				CLANG_WARN_DIRECT_OBJC_ISA_USAGE = YES_ERROR;
				CLANG_WARN_DOCUMENTATION_COMMENTS = YES;
				CLANG_WARN_EMPTY_BODY = YES;
				CLANG_WARN_ENUM_CONVERSION = YES;
				CLANG_WARN_INFINITE_RECURSION = YES;
				CLANG_WARN_INT_CONVERSION = YES;
				CLANG_WARN_NON_LITERAL_NULL_CONVERSION = YES;
				CLANG_WARN_OBJC_IMPLICIT_RETAIN_SELF = YES;
				CLANG_WARN_OBJC_LITERAL_CONVERSION = YES;
				CLANG_WARN_OBJC_ROOT_CLASS = YES_ERROR;
				CLANG_WARN_RANGE_LOOP_ANALYSIS = YES;
				CLANG_WARN_STRICT_PROTOTYPES = YES;
				CLANG_WARN_SUSPICIOUS_MOVE = YES;
				CLANG_WARN_UNGUARDED_AVAILABILITY = YES_AGGRESSIVE;
				CLANG_WARN_UNREACHABLE_CODE = YES;
				CLANG_WARN__DUPLICATE_METHOD_MATCH = YES;
				COPY_PHASE_STRIP = NO;
				DEBUG_INFORMATION_FORMAT = "dwarf-with-dsym";
				ENABLE_NS_ASSERTIONS = NO;
				ENABLE_STRICT_OBJC_MSGSEND = YES;
				GCC_C_LANGUAGE_STANDARD = gnu11;
				GCC_NO_COMMON_BLOCKS = YES;
				GCC_WARN_64_TO_32_BIT_CONVERSION = YES;
				GCC_WARN_ABOUT_RETURN_TYPE = YES_ERROR;
				GCC_WARN_UNDECLARED_SELECTOR = YES;
				GCC_WARN_UNINITIALIZED_AUTOS = YES_AGGRESSIVE;
				GCC_WARN_UNUSED_FUNCTION = YES;
				GCC_WARN_UNUSED_VARIABLE = YES;
				IPHONEOS_DEPLOYMENT_TARGET = 13.0;
				MTL_ENABLE_DEBUG_INFO = NO;
				MTL_FAST_MATH = YES;
				SDKROOT = iphoneos;
				SWIFT_COMPILATION_MODE = wholemodule;
				SWIFT_OPTIMIZATION_LEVEL = "-O";
				VALIDATE_PRODUCT = YES;
			};
			name = Release;
		};
		1BF44B7B2349C20D005F68BE /* Debug */ = {
			isa = XCBuildConfiguration;
			buildSettings = {
				ASSETCATALOG_COMPILER_APPICON_NAME = AppIcon;
				CODE_SIGN_STYLE = Automatic;
				DEVELOPMENT_TEAM = BXVE7SGE8F;
				INFOPLIST_FILE = Webboard/Info.plist;
				LD_RUNPATH_SEARCH_PATHS = (
					"$(inherited)",
					"@executable_path/Frameworks",
				);
				PRODUCT_BUNDLE_IDENTIFIER = com.devman.Webboard;
				PRODUCT_NAME = "$(TARGET_NAME)";
				SWIFT_VERSION = 5.0;
				TARGETED_DEVICE_FAMILY = "1,2";
			};
			name = Debug;
		};
		1BF44B7C2349C20D005F68BE /* Release */ = {
			isa = XCBuildConfiguration;
			buildSettings = {
				ASSETCATALOG_COMPILER_APPICON_NAME = AppIcon;
				CODE_SIGN_STYLE = Automatic;
				DEVELOPMENT_TEAM = BXVE7SGE8F;
				INFOPLIST_FILE = Webboard/Info.plist;
				LD_RUNPATH_SEARCH_PATHS = (
					"$(inherited)",
					"@executable_path/Frameworks",
				);
				PRODUCT_BUNDLE_IDENTIFIER = com.devman.Webboard;
				PRODUCT_NAME = "$(TARGET_NAME)";
				SWIFT_VERSION = 5.0;
				TARGETED_DEVICE_FAMILY = "1,2";
			};
			name = Release;
		};
/* End XCBuildConfiguration section */

/* Begin XCConfigurationList section */
		1BF44B612349C20B005F68BE /* Build configuration list for PBXProject "Webboard" */ = {
			isa = XCConfigurationList;
			buildConfigurations = (
				1BF44B782349C20D005F68BE /* Debug */,
				1BF44B792349C20D005F68BE /* Release */,
			);
			defaultConfigurationIsVisible = 0;
			defaultConfigurationName = Release;
		};
		1BF44B7A2349C20D005F68BE /* Build configuration list for PBXNativeTarget "Webboard" */ = {
			isa = XCConfigurationList;
			buildConfigurations = (
				1BF44B7B2349C20D005F68BE /* Debug */,
				1BF44B7C2349C20D005F68BE /* Release */,
			);
			defaultConfigurationIsVisible = 0;
			defaultConfigurationName = Release;
		};
/* End XCConfigurationList section */
	};
	rootObject = 1BF44B5E2349C20B005F68BE /* Project object */;
}
